# THIS IS AN AUTOGENERATED FILE. DO NOT EDIT THIS FILE DIRECTLY.
# yarn lockfile v1


name-on-copy@^3.0.1:
  version "3.0.1"
  resolved "https://registry.yarnpkg.com/name-on-copy/-/name-on-copy-3.0.1.tgz#4c917833fe99733fe6d12d507f2a13d91a5e6dd3"
  integrity sha512-zox73aVo87U3KUnb8ZmJQOySRj3KZgXWg7vZhUHLoXT452awpGqH4XeGmpr+caV1Pj5YhbSVNL/A/WjNUBIVdQ==
